// !$*UTF8*$!
{
	archiveVersion = 1;
	classes = {
	};
	objectVersion = 52;
	objects = {

/* Begin PBXBuildFile section */
		4A2EB59326379F3800A773A6 /* AppDelegate.swift in Sources */ = {isa = PBXBuildFile; fileRef = 4A2EB59226379F3800A773A6 /* AppDelegate.swift */; };
		4A2EB59726379F3800A773A6 /* HomeViewController.swift in Sources */ = {isa = PBXBuildFile; fileRef = 4A2EB59626379F3800A773A6 /* HomeViewController.swift */; };
		4A2EB59A26379F3800A773A6 /* Main.storyboard in Resources */ = {isa = PBXBuildFile; fileRef = 4A2EB59826379F3800A773A6 /* Main.storyboard */; };
		4A2EB59C26379F3A00A773A6 /* Assets.xcassets in Resources */ = {isa = PBXBuildFile; fileRef = 4A2EB59B26379F3A00A773A6 /* Assets.xcassets */; };
		4A2EB59F26379F3A00A773A6 /* LaunchScreen.storyboard in Resources */ = {isa = PBXBuildFile; fileRef = 4A2EB59D26379F3A00A773A6 /* LaunchScreen.storyboard */; };
		4A2EB5AA26379F3A00A773A6 /* NewHealthTimesTests.swift in Sources */ = {isa = PBXBuildFile; fileRef = 4A2EB5A926379F3A00A773A6 /* NewHealthTimesTests.swift */; };
		4A2EB5B526379F3A00A773A6 /* NewHealthTimesUITests.swift in Sources */ = {isa = PBXBuildFile; fileRef = 4A2EB5B426379F3A00A773A6 /* NewHealthTimesUITests.swift */; };
		4A2EB5CA2637A0F800A773A6 /* Alamofire in Frameworks */ = {isa = PBXBuildFile; productRef = 4A2EB5C92637A0F800A773A6 /* Alamofire */; };
		4A2EB5DA2637A36300A773A6 /* TopStoriesAPI.swift in Sources */ = {isa = PBXBuildFile; fileRef = 4A2EB5D92637A36300A773A6 /* TopStoriesAPI.swift */; };
		4A2EB5DF2637A84000A773A6 /* APIConfiguration.swift in Sources */ = {isa = PBXBuildFile; fileRef = 4A2EB5DE2637A84000A773A6 /* APIConfiguration.swift */; };
		4A2EB5E42637A84A00A773A6 /* APIConstants.swift in Sources */ = {isa = PBXBuildFile; fileRef = 4A2EB5E32637A84A00A773A6 /* APIConstants.swift */; };
		4A2EB5EF2637AE5800A773A6 /* SceneDelegate.swift in Sources */ = {isa = PBXBuildFile; fileRef = 4A2EB5EE2637AE5800A773A6 /* SceneDelegate.swift */; };
		4A2EB5FC2637B28600A773A6 /* Coordinator.swift in Sources */ = {isa = PBXBuildFile; fileRef = 4A2EB5FB2637B28600A773A6 /* Coordinator.swift */; };
		4A2EB6022637B55800A773A6 /* UIViewController+Extensions.swift in Sources */ = {isa = PBXBuildFile; fileRef = 4A2EB6012637B55800A773A6 /* UIViewController+Extensions.swift */; };
		4A2EB6072637B57800A773A6 /* MainAppCoordinator.swift in Sources */ = {isa = PBXBuildFile; fileRef = 4A2EB6062637B57800A773A6 /* MainAppCoordinator.swift */; };
		4A2EB60F2637B6DF00A773A6 /* HomeViewModel.swift in Sources */ = {isa = PBXBuildFile; fileRef = 4A2EB60E2637B6DF00A773A6 /* HomeViewModel.swift */; };
		4A9F1DCA2637C07200FC7B91 /* StoryCell.swift in Sources */ = {isa = PBXBuildFile; fileRef = 4A9F1DC92637C07200FC7B91 /* StoryCell.swift */; };
		4A9F1DCF2637C87E00FC7B91 /* StoryCellViewModel.swift in Sources */ = {isa = PBXBuildFile; fileRef = 4A9F1DCE2637C87E00FC7B91 /* StoryCellViewModel.swift */; };
		4A9F1DDA2637DB5800FC7B91 /* Date+String+Extensions.swift in Sources */ = {isa = PBXBuildFile; fileRef = 4A9F1DD92637DB5800FC7B91 /* Date+String+Extensions.swift */; };
		4A9F1DDF2637DE4800FC7B91 /* APIError.swift in Sources */ = {isa = PBXBuildFile; fileRef = 4A9F1DDE2637DE4800FC7B91 /* APIError.swift */; };
		4A9F1DE82637E07D00FC7B91 /* WebViewContainerViewController.swift in Sources */ = {isa = PBXBuildFile; fileRef = 4A9F1DE72637E07D00FC7B91 /* WebViewContainerViewController.swift */; };
		4A9F1DF02637E4AF00FC7B91 /* WebViewContainerViewModel.swift in Sources */ = {isa = PBXBuildFile; fileRef = 4A9F1DEF2637E4AF00FC7B91 /* WebViewContainerViewModel.swift */; };
/* End PBXBuildFile section */

/* Begin PBXContainerItemProxy section */
		4A2EB5A626379F3A00A773A6 /* PBXContainerItemProxy */ = {
			isa = PBXContainerItemProxy;
			containerPortal = 4A2EB58726379F3800A773A6 /* Project object */;
			proxyType = 1;
			remoteGlobalIDString = 4A2EB58E26379F3800A773A6;
			remoteInfo = NewHealthTimes;
		};
		4A2EB5B126379F3A00A773A6 /* PBXContainerItemProxy */ = {
			isa = PBXContainerItemProxy;
			containerPortal = 4A2EB58726379F3800A773A6 /* Project object */;
			proxyType = 1;
			remoteGlobalIDString = 4A2EB58E26379F3800A773A6;
			remoteInfo = NewHealthTimes;
		};
/* End PBXContainerItemProxy section */

/* Begin PBXFileReference section */
		4A2EB58F26379F3800A773A6 /* NewHealthTimes.app */ = {isa = PBXFileReference; explicitFileType = wrapper.application; includeInIndex = 0; path = NewHealthTimes.app; sourceTree = BUILT_PRODUCTS_DIR; };
		4A2EB59226379F3800A773A6 /* AppDelegate.swift */ = {isa = PBXFileReference; lastKnownFileType = sourcecode.swift; path = AppDelegate.swift; sourceTree = "<group>"; };
		4A2EB59626379F3800A773A6 /* HomeViewController.swift */ = {isa = PBXFileReference; lastKnownFileType = sourcecode.swift; path = HomeViewController.swift; sourceTree = "<group>"; };
		4A2EB59926379F3800A773A6 /* Base */ = {isa = PBXFileReference; lastKnownFileType = file.storyboard; name = Base; path = Base.lproj/Main.storyboard; sourceTree = "<group>"; };
		4A2EB59B26379F3A00A773A6 /* Assets.xcassets */ = {isa = PBXFileReference; lastKnownFileType = folder.assetcatalog; path = Assets.xcassets; sourceTree = "<group>"; };
		4A2EB59E26379F3A00A773A6 /* Base */ = {isa = PBXFileReference; lastKnownFileType = file.storyboard; name = Base; path = Base.lproj/LaunchScreen.storyboard; sourceTree = "<group>"; };
		4A2EB5A026379F3A00A773A6 /* Info.plist */ = {isa = PBXFileReference; lastKnownFileType = text.plist.xml; path = Info.plist; sourceTree = "<group>"; };
		4A2EB5A526379F3A00A773A6 /* NewHealthTimesTests.xctest */ = {isa = PBXFileReference; explicitFileType = wrapper.cfbundle; includeInIndex = 0; path = NewHealthTimesTests.xctest; sourceTree = BUILT_PRODUCTS_DIR; };
		4A2EB5A926379F3A00A773A6 /* NewHealthTimesTests.swift */ = {isa = PBXFileReference; lastKnownFileType = sourcecode.swift; path = NewHealthTimesTests.swift; sourceTree = "<group>"; };
		4A2EB5AB26379F3A00A773A6 /* Info.plist */ = {isa = PBXFileReference; lastKnownFileType = text.plist.xml; path = Info.plist; sourceTree = "<group>"; };
		4A2EB5B026379F3A00A773A6 /* NewHealthTimesUITests.xctest */ = {isa = PBXFileReference; explicitFileType = wrapper.cfbundle; includeInIndex = 0; path = NewHealthTimesUITests.xctest; sourceTree = BUILT_PRODUCTS_DIR; };
		4A2EB5B426379F3A00A773A6 /* NewHealthTimesUITests.swift */ = {isa = PBXFileReference; lastKnownFileType = sourcecode.swift; path = NewHealthTimesUITests.swift; sourceTree = "<group>"; };
		4A2EB5B626379F3A00A773A6 /* Info.plist */ = {isa = PBXFileReference; lastKnownFileType = text.plist.xml; path = Info.plist; sourceTree = "<group>"; };
		4A2EB5D92637A36300A773A6 /* TopStoriesAPI.swift */ = {isa = PBXFileReference; lastKnownFileType = sourcecode.swift; path = TopStoriesAPI.swift; sourceTree = SOURCE_ROOT; };
		4A2EB5DE2637A84000A773A6 /* APIConfiguration.swift */ = {isa = PBXFileReference; lastKnownFileType = sourcecode.swift; path = APIConfiguration.swift; sourceTree = "<group>"; };
		4A2EB5E32637A84A00A773A6 /* APIConstants.swift */ = {isa = PBXFileReference; lastKnownFileType = sourcecode.swift; path = APIConstants.swift; sourceTree = "<group>"; };
		4A2EB5EE2637AE5800A773A6 /* SceneDelegate.swift */ = {isa = PBXFileReference; fileEncoding = 4; lastKnownFileType = sourcecode.swift; path = SceneDelegate.swift; sourceTree = "<group>"; };
		4A2EB5FB2637B28600A773A6 /* Coordinator.swift */ = {isa = PBXFileReference; lastKnownFileType = sourcecode.swift; path = Coordinator.swift; sourceTree = "<group>"; };
		4A2EB6012637B55800A773A6 /* UIViewController+Extensions.swift */ = {isa = PBXFileReference; lastKnownFileType = sourcecode.swift; path = "UIViewController+Extensions.swift"; sourceTree = "<group>"; };
		4A2EB6062637B57800A773A6 /* MainAppCoordinator.swift */ = {isa = PBXFileReference; lastKnownFileType = sourcecode.swift; path = MainAppCoordinator.swift; sourceTree = "<group>"; };
		4A2EB60E2637B6DF00A773A6 /* HomeViewModel.swift */ = {isa = PBXFileReference; lastKnownFileType = sourcecode.swift; path = HomeViewModel.swift; sourceTree = "<group>"; };
		4A9F1DC92637C07200FC7B91 /* StoryCell.swift */ = {isa = PBXFileReference; lastKnownFileType = sourcecode.swift; path = StoryCell.swift; sourceTree = "<group>"; };
		4A9F1DCE2637C87E00FC7B91 /* StoryCellViewModel.swift */ = {isa = PBXFileReference; lastKnownFileType = sourcecode.swift; path = StoryCellViewModel.swift; sourceTree = "<group>"; };
		4A9F1DD92637DB5800FC7B91 /* Date+String+Extensions.swift */ = {isa = PBXFileReference; lastKnownFileType = sourcecode.swift; path = "Date+String+Extensions.swift"; sourceTree = "<group>"; };
		4A9F1DDE2637DE4800FC7B91 /* APIError.swift */ = {isa = PBXFileReference; lastKnownFileType = sourcecode.swift; path = APIError.swift; sourceTree = "<group>"; };
		4A9F1DE72637E07D00FC7B91 /* WebViewContainerViewController.swift */ = {isa = PBXFileReference; lastKnownFileType = sourcecode.swift; path = WebViewContainerViewController.swift; sourceTree = "<group>"; };
		4A9F1DEF2637E4AF00FC7B91 /* WebViewContainerViewModel.swift */ = {isa = PBXFileReference; lastKnownFileType = sourcecode.swift; path = WebViewContainerViewModel.swift; sourceTree = "<group>"; };
/* End PBXFileReference section */

/* Begin PBXFrameworksBuildPhase section */
		4A2EB58C26379F3800A773A6 /* Frameworks */ = {
			isa = PBXFrameworksBuildPhase;
			buildActionMask = 2147483647;
			files = (
				4A2EB5CA2637A0F800A773A6 /* Alamofire in Frameworks */,
			);
			runOnlyForDeploymentPostprocessing = 0;
		};
		4A2EB5A226379F3A00A773A6 /* Frameworks */ = {
			isa = PBXFrameworksBuildPhase;
			buildActionMask = 2147483647;
			files = (
			);
			runOnlyForDeploymentPostprocessing = 0;
		};
		4A2EB5AD26379F3A00A773A6 /* Frameworks */ = {
			isa = PBXFrameworksBuildPhase;
			buildActionMask = 2147483647;
			files = (
			);
			runOnlyForDeploymentPostprocessing = 0;
		};
/* End PBXFrameworksBuildPhase section */

/* Begin PBXGroup section */
		4A2EB58626379F3800A773A6 = {
			isa = PBXGroup;
			children = (
				4A2EB59126379F3800A773A6 /* NewHealthTimes */,
				4A2EB5A826379F3A00A773A6 /* NewHealthTimesTests */,
				4A2EB5B326379F3A00A773A6 /* NewHealthTimesUITests */,
				4A2EB59026379F3800A773A6 /* Products */,
			);
			sourceTree = "<group>";
		};
		4A2EB59026379F3800A773A6 /* Products */ = {
			isa = PBXGroup;
			children = (
				4A2EB58F26379F3800A773A6 /* NewHealthTimes.app */,
				4A2EB5A526379F3A00A773A6 /* NewHealthTimesTests.xctest */,
				4A2EB5B026379F3A00A773A6 /* NewHealthTimesUITests.xctest */,
			);
			name = Products;
			sourceTree = "<group>";
		};
		4A2EB59126379F3800A773A6 /* NewHealthTimes */ = {
			isa = PBXGroup;
			children = (
				4A2EB5D52637A2BB00A773A6 /* UIFlow */,
				4A2EB5D42637A2A800A773A6 /* API */,
				4A2EB59226379F3800A773A6 /* AppDelegate.swift */,
				4A2EB5EE2637AE5800A773A6 /* SceneDelegate.swift */,
				4A2EB59826379F3800A773A6 /* Main.storyboard */,
				4A2EB59B26379F3A00A773A6 /* Assets.xcassets */,
				4A2EB59D26379F3A00A773A6 /* LaunchScreen.storyboard */,
				4A2EB5A026379F3A00A773A6 /* Info.plist */,
			);
			path = NewHealthTimes;
			sourceTree = "<group>";
		};
		4A2EB5A826379F3A00A773A6 /* NewHealthTimesTests */ = {
			isa = PBXGroup;
			children = (
				4A2EB5A926379F3A00A773A6 /* NewHealthTimesTests.swift */,
				4A2EB5AB26379F3A00A773A6 /* Info.plist */,
			);
			path = NewHealthTimesTests;
			sourceTree = "<group>";
		};
		4A2EB5B326379F3A00A773A6 /* NewHealthTimesUITests */ = {
			isa = PBXGroup;
			children = (
				4A2EB5B426379F3A00A773A6 /* NewHealthTimesUITests.swift */,
				4A2EB5B626379F3A00A773A6 /* Info.plist */,
			);
			path = NewHealthTimesUITests;
			sourceTree = "<group>";
		};
		4A2EB5D42637A2A800A773A6 /* API */ = {
			isa = PBXGroup;
			children = (
				4A2EB5E32637A84A00A773A6 /* APIConstants.swift */,
				4A2EB5DE2637A84000A773A6 /* APIConfiguration.swift */,
				4A9F1DDE2637DE4800FC7B91 /* APIError.swift */,
				4A2EB5D92637A36300A773A6 /* TopStoriesAPI.swift */,
			);
			path = API;
			sourceTree = "<group>";
		};
		4A2EB5D52637A2BB00A773A6 /* UIFlow */ = {
			isa = PBXGroup;
			children = (
				4A2EB6002637B54900A773A6 /* Extensions */,
				4A2EB5F92637B26600A773A6 /* Coordinators */,
				4A2EB5FA2637B27300A773A6 /* Home */,
				4A9F1DE62637E06300FC7B91 /* WebView */,
			);
			path = UIFlow;
			sourceTree = "<group>";
		};
		4A2EB5F92637B26600A773A6 /* Coordinators */ = {
			isa = PBXGroup;
			children = (
				4A2EB5FB2637B28600A773A6 /* Coordinator.swift */,
				4A2EB6062637B57800A773A6 /* MainAppCoordinator.swift */,
			);
			path = Coordinators;
			sourceTree = "<group>";
		};
		4A2EB5FA2637B27300A773A6 /* Home */ = {
			isa = PBXGroup;
			children = (
				4A2EB59626379F3800A773A6 /* HomeViewController.swift */,
				4A2EB60E2637B6DF00A773A6 /* HomeViewModel.swift */,
				4A9F1DC92637C07200FC7B91 /* StoryCell.swift */,
				4A9F1DCE2637C87E00FC7B91 /* StoryCellViewModel.swift */,
			);
			path = Home;
			sourceTree = "<group>";
		};
		4A2EB6002637B54900A773A6 /* Extensions */ = {
			isa = PBXGroup;
			children = (
				4A2EB6012637B55800A773A6 /* UIViewController+Extensions.swift */,
				4A9F1DD92637DB5800FC7B91 /* Date+String+Extensions.swift */,
			);
			path = Extensions;
			sourceTree = "<group>";
		};
		4A9F1DE62637E06300FC7B91 /* WebView */ = {
			isa = PBXGroup;
			children = (
				4A9F1DE72637E07D00FC7B91 /* WebViewContainerViewController.swift */,
				4A9F1DEF2637E4AF00FC7B91 /* WebViewContainerViewModel.swift */,
			);
			path = WebView;
			sourceTree = "<group>";
		};
/* End PBXGroup section */

/* Begin PBXNativeTarget section */
		4A2EB58E26379F3800A773A6 /* NewHealthTimes */ = {
			isa = PBXNativeTarget;
			buildConfigurationList = 4A2EB5B926379F3A00A773A6 /* Build configuration list for PBXNativeTarget "NewHealthTimes" */;
			buildPhases = (
				4A2EB58B26379F3800A773A6 /* Sources */,
				4A2EB58C26379F3800A773A6 /* Frameworks */,
				4A2EB58D26379F3800A773A6 /* Resources */,
			);
			buildRules = (
			);
			dependencies = (
			);
			name = NewHealthTimes;
			packageProductDependencies = (
				4A2EB5C92637A0F800A773A6 /* Alamofire */,
			);
			productName = NewHealthTimes;
			productReference = 4A2EB58F26379F3800A773A6 /* NewHealthTimes.app */;
			productType = "com.apple.product-type.application";
		};
		4A2EB5A426379F3A00A773A6 /* NewHealthTimesTests */ = {
			isa = PBXNativeTarget;
			buildConfigurationList = 4A2EB5BC26379F3A00A773A6 /* Build configuration list for PBXNativeTarget "NewHealthTimesTests" */;
			buildPhases = (
				4A2EB5A126379F3A00A773A6 /* Sources */,
				4A2EB5A226379F3A00A773A6 /* Frameworks */,
				4A2EB5A326379F3A00A773A6 /* Resources */,
			);
			buildRules = (
			);
			dependencies = (
				4A2EB5A726379F3A00A773A6 /* PBXTargetDependency */,
			);
			name = NewHealthTimesTests;
			productName = NewHealthTimesTests;
			productReference = 4A2EB5A526379F3A00A773A6 /* NewHealthTimesTests.xctest */;
			productType = "com.apple.product-type.bundle.unit-test";
		};
		4A2EB5AF26379F3A00A773A6 /* NewHealthTimesUITests */ = {
			isa = PBXNativeTarget;
			buildConfigurationList = 4A2EB5BF26379F3A00A773A6 /* Build configuration list for PBXNativeTarget "NewHealthTimesUITests" */;
			buildPhases = (
				4A2EB5AC26379F3A00A773A6 /* Sources */,
				4A2EB5AD26379F3A00A773A6 /* Frameworks */,
				4A2EB5AE26379F3A00A773A6 /* Resources */,
			);
			buildRules = (
			);
			dependencies = (
				4A2EB5B226379F3A00A773A6 /* PBXTargetDependency */,
			);
			name = NewHealthTimesUITests;
			productName = NewHealthTimesUITests;
			productReference = 4A2EB5B026379F3A00A773A6 /* NewHealthTimesUITests.xctest */;
			productType = "com.apple.product-type.bundle.ui-testing";
		};
/* End PBXNativeTarget section */

/* Begin PBXProject section */
		4A2EB58726379F3800A773A6 /* Project object */ = {
			isa = PBXProject;
			attributes = {
				LastSwiftUpdateCheck = 1240;
				LastUpgradeCheck = 1240;
				TargetAttributes = {
					4A2EB58E26379F3800A773A6 = {
						CreatedOnToolsVersion = 12.4;
					};
					4A2EB5A426379F3A00A773A6 = {
						CreatedOnToolsVersion = 12.4;
						TestTargetID = 4A2EB58E26379F3800A773A6;
					};
					4A2EB5AF26379F3A00A773A6 = {
						CreatedOnToolsVersion = 12.4;
						TestTargetID = 4A2EB58E26379F3800A773A6;
					};
				};
			};
			buildConfigurationList = 4A2EB58A26379F3800A773A6 /* Build configuration list for PBXProject "NewHealthTimes" */;
			compatibilityVersion = "Xcode 9.3";
			developmentRegion = en;
			hasScannedForEncodings = 0;
			knownRegions = (
				en,
				Base,
			);
			mainGroup = 4A2EB58626379F3800A773A6;
			packageReferences = (
				4A2EB5C82637A0F800A773A6 /* XCRemoteSwiftPackageReference "Alamofire" */,
			);
			productRefGroup = 4A2EB59026379F3800A773A6 /* Products */;
			projectDirPath = "";
			projectRoot = "";
			targets = (
				4A2EB58E26379F3800A773A6 /* NewHealthTimes */,
				4A2EB5A426379F3A00A773A6 /* NewHealthTimesTests */,
				4A2EB5AF26379F3A00A773A6 /* NewHealthTimesUITests */,
			);
		};
/* End PBXProject section */

/* Begin PBXResourcesBuildPhase section */
		4A2EB58D26379F3800A773A6 /* Resources */ = {
			isa = PBXResourcesBuildPhase;
			buildActionMask = 2147483647;
			files = (
				4A2EB59F26379F3A00A773A6 /* LaunchScreen.storyboard in Resources */,
				4A2EB59C26379F3A00A773A6 /* Assets.xcassets in Resources */,
				4A2EB59A26379F3800A773A6 /* Main.storyboard in Resources */,
			);
			runOnlyForDeploymentPostprocessing = 0;
		};
		4A2EB5A326379F3A00A773A6 /* Resources */ = {
			isa = PBXResourcesBuildPhase;
			buildActionMask = 2147483647;
			files = (
			);
			runOnlyForDeploymentPostprocessing = 0;
		};
		4A2EB5AE26379F3A00A773A6 /* Resources */ = {
			isa = PBXResourcesBuildPhase;
			buildActionMask = 2147483647;
			files = (
			);
			runOnlyForDeploymentPostprocessing = 0;
		};
/* End PBXResourcesBuildPhase section */

/* Begin PBXSourcesBuildPhase section */
		4A2EB58B26379F3800A773A6 /* Sources */ = {
			isa = PBXSourcesBuildPhase;
			buildActionMask = 2147483647;
			files = (
				4A9F1DCF2637C87E00FC7B91 /* StoryCellViewModel.swift in Sources */,
				4A2EB5DA2637A36300A773A6 /* TopStoriesAPI.swift in Sources */,
				4A9F1DF02637E4AF00FC7B91 /* WebViewContainerViewModel.swift in Sources */,
				4A2EB59726379F3800A773A6 /* HomeViewController.swift in Sources */,
				4A2EB5E42637A84A00A773A6 /* APIConstants.swift in Sources */,
				4A2EB60F2637B6DF00A773A6 /* HomeViewModel.swift in Sources */,
				4A2EB5DF2637A84000A773A6 /* APIConfiguration.swift in Sources */,
				4A9F1DE82637E07D00FC7B91 /* WebViewContainerViewController.swift in Sources */,
				4A2EB6022637B55800A773A6 /* UIViewController+Extensions.swift in Sources */,
				4A2EB59326379F3800A773A6 /* AppDelegate.swift in Sources */,
				4A2EB5EF2637AE5800A773A6 /* SceneDelegate.swift in Sources */,
				4A2EB6072637B57800A773A6 /* MainAppCoordinator.swift in Sources */,
				4A9F1DCA2637C07200FC7B91 /* StoryCell.swift in Sources */,
				4A2EB5FC2637B28600A773A6 /* Coordinator.swift in Sources */,
				4A9F1DDA2637DB5800FC7B91 /* Date+String+Extensions.swift in Sources */,
				4A9F1DDF2637DE4800FC7B91 /* APIError.swift in Sources */,
			);
			runOnlyForDeploymentPostprocessing = 0;
		};
		4A2EB5A126379F3A00A773A6 /* Sources */ = {
			isa = PBXSourcesBuildPhase;
			buildActionMask = 2147483647;
			files = (
				4A2EB5AA26379F3A00A773A6 /* NewHealthTimesTests.swift in Sources */,
			);
			runOnlyForDeploymentPostprocessing = 0;
		};
		4A2EB5AC26379F3A00A773A6 /* Sources */ = {
			isa = PBXSourcesBuildPhase;
			buildActionMask = 2147483647;
			files = (
				4A2EB5B526379F3A00A773A6 /* NewHealthTimesUITests.swift in Sources */,
			);
			runOnlyForDeploymentPostprocessing = 0;
		};
/* End PBXSourcesBuildPhase section */

/* Begin PBXTargetDependency section */
		4A2EB5A726379F3A00A773A6 /* PBXTargetDependency */ = {
			isa = PBXTargetDependency;
			target = 4A2EB58E26379F3800A773A6 /* NewHealthTimes */;
			targetProxy = 4A2EB5A626379F3A00A773A6 /* PBXContainerItemProxy */;
		};
		4A2EB5B226379F3A00A773A6 /* PBXTargetDependency */ = {
			isa = PBXTargetDependency;
			target = 4A2EB58E26379F3800A773A6 /* NewHealthTimes */;
			targetProxy = 4A2EB5B126379F3A00A773A6 /* PBXContainerItemProxy */;
		};
/* End PBXTargetDependency section */

/* Begin PBXVariantGroup section */
		4A2EB59826379F3800A773A6 /* Main.storyboard */ = {
			isa = PBXVariantGroup;
			children = (
				4A2EB59926379F3800A773A6 /* Base */,
			);
			name = Main.storyboard;
			sourceTree = "<group>";
		};
		4A2EB59D26379F3A00A773A6 /* LaunchScreen.storyboard */ = {
			isa = PBXVariantGroup;
			children = (
				4A2EB59E26379F3A00A773A6 /* Base */,
			);
			name = LaunchScreen.storyboard;
			sourceTree = "<group>";
		};
/* End PBXVariantGroup section */

/* Begin XCBuildConfiguration section */
		4A2EB5B726379F3A00A773A6 /* Debug */ = {
			isa = XCBuildConfiguration;
			buildSettings = {
				ALWAYS_SEARCH_USER_PATHS = NO;
				CLANG_ANALYZER_NONNULL = YES;
				CLANG_ANALYZER_NUMBER_OBJECT_CONVERSION = YES_AGGRESSIVE;
				CLANG_CXX_LANGUAGE_STANDARD = "gnu++14";
				CLANG_CXX_LIBRARY = "libc++";
				CLANG_ENABLE_MODULES = YES;
				CLANG_ENABLE_OBJC_ARC = YES;
				CLANG_ENABLE_OBJC_WEAK = YES;
				CLANG_WARN_BLOCK_CAPTURE_AUTORELEASING = YES;
				CLANG_WARN_BOOL_CONVERSION = YES;
				CLANG_WARN_COMMA = YES;
				CLANG_WARN_CONSTANT_CONVERSION = YES;
				CLANG_WARN_DEPRECATED_OBJC_IMPLEMENTATIONS = YES;
				CLANG_WARN_DIRECT_OBJC_ISA_USAGE = YES_ERROR;
				CLANG_WARN_DOCUMENTATION_COMMENTS = YES;
				CLANG_WARN_EMPTY_BODY = YES;
				CLANG_WARN_ENUM_CONVERSION = YES;
				CLANG_WARN_INFINITE_RECURSION = YES;
				CLANG_WARN_INT_CONVERSION = YES;
				CLANG_WARN_NON_LITERAL_NULL_CONVERSION = YES;
				CLANG_WARN_OBJC_IMPLICIT_RETAIN_SELF = YES;
				CLANG_WARN_OBJC_LITERAL_CONVERSION = YES;
				CLANG_WARN_OBJC_ROOT_CLASS = YES_ERROR;
				CLANG_WARN_QUOTED_INCLUDE_IN_FRAMEWORK_HEADER = YES;
				CLANG_WARN_RANGE_LOOP_ANALYSIS = YES;
				CLANG_WARN_STRICT_PROTOTYPES = YES;
				CLANG_WARN_SUSPICIOUS_MOVE = YES;
				CLANG_WARN_UNGUARDED_AVAILABILITY = YES_AGGRESSIVE;
				CLANG_WARN_UNREACHABLE_CODE = YES;
				CLANG_WARN__DUPLICATE_METHOD_MATCH = YES;
				COPY_PHASE_STRIP = NO;
				DEBUG_INFORMATION_FORMAT = dwarf;
				ENABLE_STRICT_OBJC_MSGSEND = YES;
				ENABLE_TESTABILITY = YES;
				GCC_C_LANGUAGE_STANDARD = gnu11;
				GCC_DYNAMIC_NO_PIC = NO;
				GCC_NO_COMMON_BLOCKS = YES;
				GCC_OPTIMIZATION_LEVEL = 0;
				GCC_PREPROCESSOR_DEFINITIONS = (
					"DEBUG=1",
					"$(inherited)",
				);
				GCC_WARN_64_TO_32_BIT_CONVERSION = YES;
				GCC_WARN_ABOUT_RETURN_TYPE = YES_ERROR;
				GCC_WARN_UNDECLARED_SELECTOR = YES;
				GCC_WARN_UNINITIALIZED_AUTOS = YES_AGGRESSIVE;
				GCC_WARN_UNUSED_FUNCTION = YES;
				GCC_WARN_UNUSED_VARIABLE = YES;
				IPHONEOS_DEPLOYMENT_TARGET = 11.0;
				MTL_ENABLE_DEBUG_INFO = INCLUDE_SOURCE;
				MTL_FAST_MATH = YES;
				ONLY_ACTIVE_ARCH = YES;
				SDKROOT = iphoneos;
				SWIFT_ACTIVE_COMPILATION_CONDITIONS = DEBUG;
				SWIFT_OPTIMIZATION_LEVEL = "-Onone";
			};
			name = Debug;
		};
		4A2EB5B826379F3A00A773A6 /* Release */ = {
			isa = XCBuildConfiguration;
			buildSettings = {
				ALWAYS_SEARCH_USER_PATHS = NO;
				CLANG_ANALYZER_NONNULL = YES;
				CLANG_ANALYZER_NUMBER_OBJECT_CONVERSION = YES_AGGRESSIVE;
				CLANG_CXX_LANGUAGE_STANDARD = "gnu++14";
				CLANG_CXX_LIBRARY = "libc++";
				CLANG_ENABLE_MODULES = YES;
				CLANG_ENABLE_OBJC_ARC = YES;
				CLANG_ENABLE_OBJC_WEAK = YES;
				CLANG_WARN_BLOCK_CAPTURE_AUTORELEASING = YES;
				CLANG_WARN_BOOL_CONVERSION = YES;
				CLANG_WARN_COMMA = YES;
				CLANG_WARN_CONSTANT_CONVERSION = YES;
				CLANG_WARN_DEPRECATED_OBJC_IMPLEMENTATIONS = YES;
				CLANG_WARN_DIRECT_OBJC_ISA_USAGE = YES_ERROR;
				CLANG_WARN_DOCUMENTATION_COMMENTS = YES;
				CLANG_WARN_EMPTY_BODY = YES;
				CLANG_WARN_ENUM_CONVERSION = YES;
				CLANG_WARN_INFINITE_RECURSION = YES;
				CLANG_WARN_INT_CONVERSION = YES;
				CLANG_WARN_NON_LITERAL_NULL_CONVERSION = YES;
				CLANG_WARN_OBJC_IMPLICIT_RETAIN_SELF = YES;
				CLANG_WARN_OBJC_LITERAL_CONVERSION = YES;
				CLANG_WARN_OBJC_ROOT_CLASS = YES_ERROR;
				CLANG_WARN_QUOTED_INCLUDE_IN_FRAMEWORK_HEADER = YES;
				CLANG_WARN_RANGE_LOOP_ANALYSIS = YES;
				CLANG_WARN_STRICT_PROTOTYPES = YES;
				CLANG_WARN_SUSPICIOUS_MOVE = YES;
				CLANG_WARN_UNGUARDED_AVAILABILITY = YES_AGGRESSIVE;
				CLANG_WARN_UNREACHABLE_CODE = YES;
				CLANG_WARN__DUPLICATE_METHOD_MATCH = YES;
				COPY_PHASE_STRIP = NO;
				DEBUG_INFORMATION_FORMAT = "dwarf-with-dsym";
				ENABLE_NS_ASSERTIONS = NO;
				ENABLE_STRICT_OBJC_MSGSEND = YES;
				GCC_C_LANGUAGE_STANDARD = gnu11;
				GCC_NO_COMMON_BLOCKS = YES;
				GCC_WARN_64_TO_32_BIT_CONVERSION = YES;
				GCC_WARN_ABOUT_RETURN_TYPE = YES_ERROR;
				GCC_WARN_UNDECLARED_SELECTOR = YES;
				GCC_WARN_UNINITIALIZED_AUTOS = YES_AGGRESSIVE;
				GCC_WARN_UNUSED_FUNCTION = YES;
				GCC_WARN_UNUSED_VARIABLE = YES;
				IPHONEOS_DEPLOYMENT_TARGET = 11.0;
				MTL_ENABLE_DEBUG_INFO = NO;
				MTL_FAST_MATH = YES;
				SDKROOT = iphoneos;
				SWIFT_COMPILATION_MODE = wholemodule;
				SWIFT_OPTIMIZATION_LEVEL = "-O";
				VALIDATE_PRODUCT = YES;
			};
			name = Release;
		};
		4A2EB5BA26379F3A00A773A6 /* Debug */ = {
			isa = XCBuildConfiguration;
			buildSettings = {
				ASSETCATALOG_COMPILER_APPICON_NAME = AppIcon;
				ASSETCATALOG_COMPILER_GLOBAL_ACCENT_COLOR_NAME = AccentColor;
				CODE_SIGN_STYLE = Automatic;
				DEVELOPMENT_TEAM = UC5G34T6S4;
				INFOPLIST_FILE = NewHealthTimes/Info.plist;
				LD_RUNPATH_SEARCH_PATHS = (
					"$(inherited)",
					"@executable_path/Frameworks",
				);
				PRODUCT_BUNDLE_IDENTIFIER = com.caryz.newhealthtimes.NewHealthTimes;
				PRODUCT_NAME = "$(TARGET_NAME)";
				SWIFT_VERSION = 5.0;
				TARGETED_DEVICE_FAMILY = "1,2";
			};
			name = Debug;
		};
		4A2EB5BB26379F3A00A773A6 /* Release */ = {
			isa = XCBuildConfiguration;
			buildSettings = {
				ASSETCATALOG_COMPILER_APPICON_NAME = AppIcon;
				ASSETCATALOG_COMPILER_GLOBAL_ACCENT_COLOR_NAME = AccentColor;
				CODE_SIGN_STYLE = Automatic;
				DEVELOPMENT_TEAM = UC5G34T6S4;
				INFOPLIST_FILE = NewHealthTimes/Info.plist;
				LD_RUNPATH_SEARCH_PATHS = (
					"$(inherited)",
					"@executable_path/Frameworks",
				);
				PRODUCT_BUNDLE_IDENTIFIER = com.caryz.newhealthtimes.NewHealthTimes;
				PRODUCT_NAME = "$(TARGET_NAME)";
				SWIFT_VERSION = 5.0;
				TARGETED_DEVICE_FAMILY = "1,2";
			};
			name = Release;
		};
		4A2EB5BD26379F3A00A773A6 /* Debug */ = {
			isa = XCBuildConfiguration;
			buildSettings = {
				ALWAYS_EMBED_SWIFT_STANDARD_LIBRARIES = YES;
				BUNDLE_LOADER = "$(TEST_HOST)";
				CODE_SIGN_STYLE = Automatic;
				DEVELOPMENT_TEAM = UC5G34T6S4;
				INFOPLIST_FILE = NewHealthTimesTests/Info.plist;
				IPHONEOS_DEPLOYMENT_TARGET = 14.4;
				LD_RUNPATH_SEARCH_PATHS = (
					"$(inherited)",
					"@executable_path/Frameworks",
					"@loader_path/Frameworks",
				);
				PRODUCT_BUNDLE_IDENTIFIER = com.caryz.newhealthtimes.NewHealthTimesTests;
				PRODUCT_NAME = "$(TARGET_NAME)";
				SWIFT_VERSION = 5.0;
				TARGETED_DEVICE_FAMILY = "1,2";
				TEST_HOST = "$(BUILT_PRODUCTS_DIR)/NewHealthTimes.app/NewHealthTimes";
			};
			name = Debug;
		};
		4A2EB5BE26379F3A00A773A6 /* Release */ = {
			isa = XCBuildConfiguration;
			buildSettings = {
				ALWAYS_EMBED_SWIFT_STANDARD_LIBRARIES = YES;
				BUNDLE_LOADER = "$(TEST_HOST)";
				CODE_SIGN_STYLE = Automatic;
				DEVELOPMENT_TEAM = UC5G34T6S4;
				INFOPLIST_FILE = NewHealthTimesTests/Info.plist;
				IPHONEOS_DEPLOYMENT_TARGET = 14.4;
				LD_RUNPATH_SEARCH_PATHS = (
					"$(inherited)",
					"@executable_path/Frameworks",
					"@loader_path/Frameworks",
				);
				PRODUCT_BUNDLE_IDENTIFIER = com.caryz.newhealthtimes.NewHealthTimesTests;
				PRODUCT_NAME = "$(TARGET_NAME)";
				SWIFT_VERSION = 5.0;
				TARGETED_DEVICE_FAMILY = "1,2";
				TEST_HOST = "$(BUILT_PRODUCTS_DIR)/NewHealthTimes.app/NewHealthTimes";
			};
			name = Release;
		};
		4A2EB5C026379F3A00A773A6 /* Debug */ = {
			isa = XCBuildConfiguration;
			buildSettings = {
				ALWAYS_EMBED_SWIFT_STANDARD_LIBRARIES = YES;
				CODE_SIGN_STYLE = Automatic;
				DEVELOPMENT_TEAM = UC5G34T6S4;
				INFOPLIST_FILE = NewHealthTimesUITests/Info.plist;
				LD_RUNPATH_SEARCH_PATHS = (
					"$(inherited)",
					"@executable_path/Frameworks",
					"@loader_path/Frameworks",
				);
				PRODUCT_BUNDLE_IDENTIFIER = com.caryz.newhealthtimes.NewHealthTimesUITests;
				PRODUCT_NAME = "$(TARGET_NAME)";
				SWIFT_VERSION = 5.0;
				TARGETED_DEVICE_FAMILY = "1,2";
				TEST_TARGET_NAME = NewHealthTimes;
			};
			name = Debug;
		};
		4A2EB5C126379F3A00A773A6 /* Release */ = {
			isa = XCBuildConfiguration;
			buildSettings = {
				ALWAYS_EMBED_SWIFT_STANDARD_LIBRARIES = YES;
				CODE_SIGN_STYLE = Automatic;
				DEVELOPMENT_TEAM = UC5G34T6S4;
				INFOPLIST_FILE = NewHealthTimesUITests/Info.plist;
				LD_RUNPATH_SEARCH_PATHS = (
					"$(inherited)",
					"@executable_path/Frameworks",
					"@loader_path/Frameworks",
				);
				PRODUCT_BUNDLE_IDENTIFIER = com.caryz.newhealthtimes.NewHealthTimesUITests;
				PRODUCT_NAME = "$(TARGET_NAME)";
				SWIFT_VERSION = 5.0;
				TARGETED_DEVICE_FAMILY = "1,2";
				TEST_TARGET_NAME = NewHealthTimes;
			};
			name = Release;
		};
/* End XCBuildConfiguration section */

/* Begin XCConfigurationList section */
		4A2EB58A26379F3800A773A6 /* Build configuration list for PBXProject "NewHealthTimes" */ = {
			isa = XCConfigurationList;
			buildConfigurations = (
				4A2EB5B726379F3A00A773A6 /* Debug */,
				4A2EB5B826379F3A00A773A6 /* Release */,
			);
			defaultConfigurationIsVisible = 0;
			defaultConfigurationName = Release;
		};
		4A2EB5B926379F3A00A773A6 /* Build configuration list for PBXNativeTarget "NewHealthTimes" */ = {
			isa = XCConfigurationList;
			buildConfigurations = (
				4A2EB5BA26379F3A00A773A6 /* Debug */,
				4A2EB5BB26379F3A00A773A6 /* Release */,
			);
			defaultConfigurationIsVisible = 0;
			defaultConfigurationName = Release;
		};
		4A2EB5BC26379F3A00A773A6 /* Build configuration list for PBXNativeTarget "NewHealthTimesTests" */ = {
			isa = XCConfigurationList;
			buildConfigurations = (
				4A2EB5BD26379F3A00A773A6 /* Debug */,
				4A2EB5BE26379F3A00A773A6 /* Release */,
			);
			defaultConfigurationIsVisible = 0;
			defaultConfigurationName = Release;
		};
		4A2EB5BF26379F3A00A773A6 /* Build configuration list for PBXNativeTarget "NewHealthTimesUITests" */ = {
			isa = XCConfigurationList;
			buildConfigurations = (
				4A2EB5C026379F3A00A773A6 /* Debug */,
				4A2EB5C126379F3A00A773A6 /* Release */,
			);
			defaultConfigurationIsVisible = 0;
			defaultConfigurationName = Release;
		};
/* End XCConfigurationList section */

/* Begin XCRemoteSwiftPackageReference section */
		4A2EB5C82637A0F800A773A6 /* XCRemoteSwiftPackageReference "Alamofire" */ = {
			isa = XCRemoteSwiftPackageReference;
			repositoryURL = "https://github.com/Alamofire/Alamofire.git";
			requirement = {
				kind = upToNextMajorVersion;
				minimumVersion = 5.4.3;
			};
		};
/* End XCRemoteSwiftPackageReference section */

/* Begin XCSwiftPackageProductDependency section */
		4A2EB5C92637A0F800A773A6 /* Alamofire */ = {
			isa = XCSwiftPackageProductDependency;
			package = 4A2EB5C82637A0F800A773A6 /* XCRemoteSwiftPackageReference "Alamofire" */;
			productName = Alamofire;
		};
/* End XCSwiftPackageProductDependency section */
	};
	rootObject = 4A2EB58726379F3800A773A6 /* Project object */;
}
